
Microsoft Visual Studio Solution File, Format Version 12.00
# Visual Studio Version 17
VisualStudioVersion = 17.9.34701.34
MinimumVisualStudioVersion = 10.0.40219.1
Project("{FAE04EC0-301F-11D3-BF4B-00C04F79EFBC}") = "RM-97032-WEB-SCRAPPING", "RM-97032-WEB-SCRAPPING\RM-97032-WEB-SCRAPPING.csproj", "{D3E8784F-F862-4712-8DB8-072562A58206}"
EndProject
Global
	GlobalSection(SolutionConfigurationPlatforms) = preSolution
		Debug|Any CPU = Debug|Any CPU
		Release|Any CPU = Release|Any CPU
	EndGlobalSection
	GlobalSection(ProjectConfigurationPlatforms) = postSolution
		{D3E8784F-F862-4712-8DB8-072562A58206}.Debug|Any CPU.ActiveCfg = Debug|Any CPU
		{D3E8784F-F862-4712-8DB8-072562A58206}.Debug|Any CPU.Build.0 = Debug|Any CPU
		{D3E8784F-F862-4712-8DB8-072562A58206}.Release|Any CPU.ActiveCfg = Release|Any CPU
		{D3E8784F-F862-4712-8DB8-072562A58206}.Release|Any CPU.Build.0 = Release|Any CPU
	EndGlobalSection
	GlobalSection(SolutionProperties) = preSolution
		HideSolutionNode = FALSE
	EndGlobalSection
	GlobalSection(ExtensibilityGlobals) = postSolution
		SolutionGuid = {7FC189C8-3BE0-4645-A190-166247C64725}
	EndGlobalSection
EndGlobal
